
Microsoft Visual Studio Solution File, Format Version 12.00
# Visual Studio Version 17
VisualStudioVersion = 17.7.34024.191
MinimumVisualStudioVersion = 10.0.40219.1
Project("{FAE04EC0-301F-11D3-BF4B-00C04F79EFBC}") = "BatuGuntingKertasGame", "BatuGuntingKertasGame\BatuGuntingKertasGame.csproj", "{10DD9574-15CA-4AF3-A88D-C4C64232FD98}"
EndProject
Global
	GlobalSection(SolutionConfigurationPlatforms) = preSolution
		Debug|Any CPU = Debug|Any CPU
		Release|Any CPU = Release|Any CPU
	EndGlobalSection
	GlobalSection(ProjectConfigurationPlatforms) = postSolution
		{10DD9574-15CA-4AF3-A88D-C4C64232FD98}.Debug|Any CPU.ActiveCfg = Debug|Any CPU
		{10DD9574-15CA-4AF3-A88D-C4C64232FD98}.Debug|Any CPU.Build.0 = Debug|Any CPU
		{10DD9574-15CA-4AF3-A88D-C4C64232FD98}.Release|Any CPU.ActiveCfg = Release|Any CPU
		{10DD9574-15CA-4AF3-A88D-C4C64232FD98}.Release|Any CPU.Build.0 = Release|Any CPU
	EndGlobalSection
	GlobalSection(SolutionProperties) = preSolution
		HideSolutionNode = FALSE
	EndGlobalSection
	GlobalSection(ExtensibilityGlobals) = postSolution
		SolutionGuid = {7E796098-10B4-49D7-84CD-9F29D7CB2718}
	EndGlobalSection
EndGlobal
